
Microsoft Visual Studio Solution File, Format Version 12.00
# Visual Studio Version 16
VisualStudioVersion = 16.0.30225.117
MinimumVisualStudioVersion = 10.0.40219.1
Project("{FAE04EC0-301F-11D3-BF4B-00C04F79EFBC}") = "PhonebookConsoleApp", "PhonebookConsoleApp\PhonebookConsoleApp.csproj", "{8E90AB89-5B04-49D3-B04B-B4C9EC0FE515}"
EndProject
Global
	GlobalSection(SolutionConfigurationPlatforms) = preSolution
		Debug|Any CPU = Debug|Any CPU
		Release|Any CPU = Release|Any CPU
	EndGlobalSection
	GlobalSection(ProjectConfigurationPlatforms) = postSolution
		{8E90AB89-5B04-49D3-B04B-B4C9EC0FE515}.Debug|Any CPU.ActiveCfg = Debug|Any CPU
		{8E90AB89-5B04-49D3-B04B-B4C9EC0FE515}.Debug|Any CPU.Build.0 = Debug|Any CPU
		{8E90AB89-5B04-49D3-B04B-B4C9EC0FE515}.Release|Any CPU.ActiveCfg = Release|Any CPU
		{8E90AB89-5B04-49D3-B04B-B4C9EC0FE515}.Release|Any CPU.Build.0 = Release|Any CPU
	EndGlobalSection
	GlobalSection(SolutionProperties) = preSolution
		HideSolutionNode = FALSE
	EndGlobalSection
	GlobalSection(ExtensibilityGlobals) = postSolution
		SolutionGuid = {955C0796-7EBA-46DE-B5D9-4D30657C9F60}
	EndGlobalSection
EndGlobal
